
Microsoft Visual Studio Solution File, Format Version 12.00
# Visual Studio Version 16
VisualStudioVersion = 16.0.30406.217
MinimumVisualStudioVersion = 10.0.40219.1
Project("{FAE04EC0-301F-11D3-BF4B-00C04F79EFBC}") = "MvcMovie", "MvcMovie.csproj", "{1CCE4DF5-51EA-4313-A006-8BB03E8A89AD}"
EndProject
Project("{2150E333-8FDC-42A3-9474-1A3956D46DE8}") = "Solution Items", "Solution Items", "{2518EEE9-691C-41D2-B7AE-AEE54234A417}"
	ProjectSection(SolutionItems) = preProject
		.editorconfig = .editorconfig
	EndProjectSection
EndProject
Global
	GlobalSection(SolutionConfigurationPlatforms) = preSolution
		Debug|Any CPU = Debug|Any CPU
		Release|Any CPU = Release|Any CPU
	EndGlobalSection
	GlobalSection(ProjectConfigurationPlatforms) = postSolution
		{1CCE4DF5-51EA-4313-A006-8BB03E8A89AD}.Debug|Any CPU.ActiveCfg = Debug|Any CPU
		{1CCE4DF5-51EA-4313-A006-8BB03E8A89AD}.Debug|Any CPU.Build.0 = Debug|Any CPU
		{1CCE4DF5-51EA-4313-A006-8BB03E8A89AD}.Release|Any CPU.ActiveCfg = Release|Any CPU
		{1CCE4DF5-51EA-4313-A006-8BB03E8A89AD}.Release|Any CPU.Build.0 = Release|Any CPU
	EndGlobalSection
	GlobalSection(SolutionProperties) = preSolution
		HideSolutionNode = FALSE
	EndGlobalSection
	GlobalSection(ExtensibilityGlobals) = postSolution
		SolutionGuid = {1A8CB4C9-CF81-4C91-8A9F-E0376BC31447}
	EndGlobalSection
EndGlobal
